// !$*UTF8*$!
{
	archiveVersion = 1;
	classes = {
	};
	objectVersion = 48;
	objects = {

/* Begin PBXBuildFile section */
		E10CDB371FCED8B800262870 /* HomeController.swift in Sources */ = {isa = PBXBuildFile; fileRef = E10CDB361FCED8B800262870 /* HomeController.swift */; };
		E10CDB391FCED90200262870 /* BrowseController.swift in Sources */ = {isa = PBXBuildFile; fileRef = E10CDB381FCED90200262870 /* BrowseController.swift */; };
		E10CDB3F1FCEE10500262870 /* UIViewControllerExtension.swift in Sources */ = {isa = PBXBuildFile; fileRef = E10CDB3E1FCEE10500262870 /* UIViewControllerExtension.swift */; };
		E10CDB421FCEE22000262870 /* StoryboardsEnum.swift in Sources */ = {isa = PBXBuildFile; fileRef = E10CDB411FCEE22000262870 /* StoryboardsEnum.swift */; };
		E10CDB441FCEE3AE00262870 /* Home.storyboard in Resources */ = {isa = PBXBuildFile; fileRef = E10CDB431FCEE3AE00262870 /* Home.storyboard */; };
		E10CDB461FCEE3C400262870 /* Browse.storyboard in Resources */ = {isa = PBXBuildFile; fileRef = E10CDB451FCEE3C400262870 /* Browse.storyboard */; };
		E123404F1FED4DEC002A791A /* HomeViewModel.swift in Sources */ = {isa = PBXBuildFile; fileRef = E123404E1FED4DEC002A791A /* HomeViewModel.swift */; };
		E138649C1FD1A66E007E5E8D /* ChangeImageController.swift in Sources */ = {isa = PBXBuildFile; fileRef = E138649B1FD1A66E007E5E8D /* ChangeImageController.swift */; };
		E138649E1FD1A882007E5E8D /* ChangeImageView.swift in Sources */ = {isa = PBXBuildFile; fileRef = E138649D1FD1A882007E5E8D /* ChangeImageView.swift */; };
		E15A3B7C1FF53CEA00AA672D /* ImageCell.swift in Sources */ = {isa = PBXBuildFile; fileRef = E15A3B7B1FF53CEA00AA672D /* ImageCell.swift */; };
		E15A3B7E1FF53ED200AA672D /* ImageSection.swift in Sources */ = {isa = PBXBuildFile; fileRef = E15A3B7D1FF53ED200AA672D /* ImageSection.swift */; };
		E195B05F1FDFE8FC00F114F6 /* ChangeImageViewModel.swift in Sources */ = {isa = PBXBuildFile; fileRef = E195B05E1FDFE8FC00F114F6 /* ChangeImageViewModel.swift */; };
		E1AAFC2A1FC5D07B00BA9753 /* AppDelegate.swift in Sources */ = {isa = PBXBuildFile; fileRef = E1AAFC291FC5D07B00BA9753 /* AppDelegate.swift */; };
		E1AAFC2C1FC5D07B00BA9753 /* ViewController.swift in Sources */ = {isa = PBXBuildFile; fileRef = E1AAFC2B1FC5D07B00BA9753 /* ViewController.swift */; };
		E1AAFC2F1FC5D07B00BA9753 /* Main.storyboard in Resources */ = {isa = PBXBuildFile; fileRef = E1AAFC2D1FC5D07B00BA9753 /* Main.storyboard */; };
		E1AAFC341FC5D07B00BA9753 /* LaunchScreen.storyboard in Resources */ = {isa = PBXBuildFile; fileRef = E1AAFC321FC5D07B00BA9753 /* LaunchScreen.storyboard */; };
		E1B3ACF71FD1BE0A005C3FDC /* Assets.xcassets in Resources */ = {isa = PBXBuildFile; fileRef = E1B3ACF61FD1BE0A005C3FDC /* Assets.xcassets */; };
		E1FDAE131FC6E35D004E82DB /* ApplicationCoordinator.swift in Sources */ = {isa = PBXBuildFile; fileRef = E1FDAE121FC6E35D004E82DB /* ApplicationCoordinator.swift */; };
		E1FDAE161FC70021004E82DB /* Router.swift in Sources */ = {isa = PBXBuildFile; fileRef = E1FDAE151FC70021004E82DB /* Router.swift */; };
		E1FDAE181FC7002E004E82DB /* RouterImp.swift in Sources */ = {isa = PBXBuildFile; fileRef = E1FDAE171FC7002E004E82DB /* RouterImp.swift */; };
		E1FDAE1A1FC704AC004E82DB /* Presentable.swift in Sources */ = {isa = PBXBuildFile; fileRef = E1FDAE191FC704AB004E82DB /* Presentable.swift */; };
		E1FDAE1D1FC706C5004E82DB /* Coordinator.swift in Sources */ = {isa = PBXBuildFile; fileRef = E1FDAE1C1FC706C5004E82DB /* Coordinator.swift */; };
		E1FDAE1F1FC706D9004E82DB /* BaseView.swift in Sources */ = {isa = PBXBuildFile; fileRef = E1FDAE1E1FC706D9004E82DB /* BaseView.swift */; };
		E1FDAE211FC7083A004E82DB /* CoordinatorFactory.swift in Sources */ = {isa = PBXBuildFile; fileRef = E1FDAE201FC7083A004E82DB /* CoordinatorFactory.swift */; };
		E1FDAE231FC713F7004E82DB /* HomeModuleFactory.swift in Sources */ = {isa = PBXBuildFile; fileRef = E1FDAE221FC713F7004E82DB /* HomeModuleFactory.swift */; };
		E1FDAE261FC71449004E82DB /* BrowseModuleFactory.swift in Sources */ = {isa = PBXBuildFile; fileRef = E1FDAE251FC71449004E82DB /* BrowseModuleFactory.swift */; };
		E1FDAE281FC7192F004E82DB /* CoordinatorFactoryImp.swift in Sources */ = {isa = PBXBuildFile; fileRef = E1FDAE271FC7192F004E82DB /* CoordinatorFactoryImp.swift */; };
		E1FDAE2A1FC71E8E004E82DB /* ModulefactoryImp.swift in Sources */ = {isa = PBXBuildFile; fileRef = E1FDAE291FC71E8E004E82DB /* ModulefactoryImp.swift */; };
		E1FDAE301FC72242004E82DB /* TabbarView.swift in Sources */ = {isa = PBXBuildFile; fileRef = E1FDAE2F1FC72242004E82DB /* TabbarView.swift */; };
		E1FDAE321FC72260004E82DB /* TabbarCoordinator.swift in Sources */ = {isa = PBXBuildFile; fileRef = E1FDAE311FC72260004E82DB /* TabbarCoordinator.swift */; };
		E1FDAE341FC7226E004E82DB /* TabbarController.swift in Sources */ = {isa = PBXBuildFile; fileRef = E1FDAE331FC7226E004E82DB /* TabbarController.swift */; };
		E1FDAE381FC7265C004E82DB /* BaseCoordinator.swift in Sources */ = {isa = PBXBuildFile; fileRef = E1FDAE371FC7265C004E82DB /* BaseCoordinator.swift */; };
		E1FDAE3A1FC72D24004E82DB /* HomeCoordinator.swift in Sources */ = {isa = PBXBuildFile; fileRef = E1FDAE391FC72D24004E82DB /* HomeCoordinator.swift */; };
		E1FDAE3C1FC72D35004E82DB /* HomeView.swift in Sources */ = {isa = PBXBuildFile; fileRef = E1FDAE3B1FC72D35004E82DB /* HomeView.swift */; };
		E1FDAE401FC72D66004E82DB /* BrowseCoordinator.swift in Sources */ = {isa = PBXBuildFile; fileRef = E1FDAE3F1FC72D66004E82DB /* BrowseCoordinator.swift */; };
		E1FDAE421FC72D70004E82DB /* BrowseView.swift in Sources */ = {isa = PBXBuildFile; fileRef = E1FDAE411FC72D70004E82DB /* BrowseView.swift */; };
		E1FDAE461FC73534004E82DB /* Default-568h@2x.png in Resources */ = {isa = PBXBuildFile; fileRef = E1FDAE451FC73533004E82DB /* Default-568h@2x.png */; };
		FBCB27A5CEE0965BE61DBB93 /* Pods_Marvel.framework in Frameworks */ = {isa = PBXBuildFile; fileRef = 9AF2FB013B3658FA1A6E4B0A /* Pods_Marvel.framework */; };
/* End PBXBuildFile section */

/* Begin PBXFileReference section */
		4006C8DFF4A71064B40CE241 /* Pods-Marvel.debug.xcconfig */ = {isa = PBXFileReference; includeInIndex = 1; lastKnownFileType = text.xcconfig; name = "Pods-Marvel.debug.xcconfig"; path = "Pods/Target Support Files/Pods-Marvel/Pods-Marvel.debug.xcconfig"; sourceTree = "<group>"; };
		9AF2FB013B3658FA1A6E4B0A /* Pods_Marvel.framework */ = {isa = PBXFileReference; explicitFileType = wrapper.framework; includeInIndex = 0; path = Pods_Marvel.framework; sourceTree = BUILT_PRODUCTS_DIR; };
		B2AFD0EA28ADC4840DC6DE5F /* Pods-Marvel.release.xcconfig */ = {isa = PBXFileReference; includeInIndex = 1; lastKnownFileType = text.xcconfig; name = "Pods-Marvel.release.xcconfig"; path = "Pods/Target Support Files/Pods-Marvel/Pods-Marvel.release.xcconfig"; sourceTree = "<group>"; };
		E10CDB361FCED8B800262870 /* HomeController.swift */ = {isa = PBXFileReference; lastKnownFileType = sourcecode.swift; path = HomeController.swift; sourceTree = "<group>"; };
		E10CDB381FCED90200262870 /* BrowseController.swift */ = {isa = PBXFileReference; lastKnownFileType = sourcecode.swift; path = BrowseController.swift; sourceTree = "<group>"; };
		E10CDB3E1FCEE10500262870 /* UIViewControllerExtension.swift */ = {isa = PBXFileReference; lastKnownFileType = sourcecode.swift; path = UIViewControllerExtension.swift; sourceTree = "<group>"; };
		E10CDB411FCEE22000262870 /* StoryboardsEnum.swift */ = {isa = PBXFileReference; lastKnownFileType = sourcecode.swift; path = StoryboardsEnum.swift; sourceTree = "<group>"; };
		E10CDB431FCEE3AE00262870 /* Home.storyboard */ = {isa = PBXFileReference; lastKnownFileType = file.storyboard; path = Home.storyboard; sourceTree = "<group>"; };
		E10CDB451FCEE3C400262870 /* Browse.storyboard */ = {isa = PBXFileReference; lastKnownFileType = file.storyboard; path = Browse.storyboard; sourceTree = "<group>"; };
		E123404E1FED4DEC002A791A /* HomeViewModel.swift */ = {isa = PBXFileReference; lastKnownFileType = sourcecode.swift; path = HomeViewModel.swift; sourceTree = "<group>"; };
		E138649B1FD1A66E007E5E8D /* ChangeImageController.swift */ = {isa = PBXFileReference; lastKnownFileType = sourcecode.swift; path = ChangeImageController.swift; sourceTree = "<group>"; };
		E138649D1FD1A882007E5E8D /* ChangeImageView.swift */ = {isa = PBXFileReference; lastKnownFileType = sourcecode.swift; path = ChangeImageView.swift; sourceTree = "<group>"; };
		E15A3B7B1FF53CEA00AA672D /* ImageCell.swift */ = {isa = PBXFileReference; lastKnownFileType = sourcecode.swift; path = ImageCell.swift; sourceTree = "<group>"; };
		E15A3B7D1FF53ED200AA672D /* ImageSection.swift */ = {isa = PBXFileReference; lastKnownFileType = sourcecode.swift; path = ImageSection.swift; sourceTree = "<group>"; };
		E195B05E1FDFE8FC00F114F6 /* ChangeImageViewModel.swift */ = {isa = PBXFileReference; lastKnownFileType = sourcecode.swift; path = ChangeImageViewModel.swift; sourceTree = "<group>"; };
		E1AAFC261FC5D07B00BA9753 /* Marvel.app */ = {isa = PBXFileReference; explicitFileType = wrapper.application; includeInIndex = 0; path = Marvel.app; sourceTree = BUILT_PRODUCTS_DIR; };
		E1AAFC291FC5D07B00BA9753 /* AppDelegate.swift */ = {isa = PBXFileReference; lastKnownFileType = sourcecode.swift; path = AppDelegate.swift; sourceTree = "<group>"; };
		E1AAFC2B1FC5D07B00BA9753 /* ViewController.swift */ = {isa = PBXFileReference; lastKnownFileType = sourcecode.swift; path = ViewController.swift; sourceTree = "<group>"; };
		E1AAFC2E1FC5D07B00BA9753 /* Base */ = {isa = PBXFileReference; lastKnownFileType = file.storyboard; name = Base; path = Base.lproj/Main.storyboard; sourceTree = "<group>"; };
		E1AAFC331FC5D07B00BA9753 /* Base */ = {isa = PBXFileReference; lastKnownFileType = file.storyboard; name = Base; path = Base.lproj/LaunchScreen.storyboard; sourceTree = "<group>"; };
		E1AAFC351FC5D07B00BA9753 /* Info.plist */ = {isa = PBXFileReference; lastKnownFileType = text.plist.xml; path = Info.plist; sourceTree = "<group>"; };
		E1B3ACF61FD1BE0A005C3FDC /* Assets.xcassets */ = {isa = PBXFileReference; lastKnownFileType = folder.assetcatalog; path = Assets.xcassets; sourceTree = "<group>"; };
		E1FDAE121FC6E35D004E82DB /* ApplicationCoordinator.swift */ = {isa = PBXFileReference; lastKnownFileType = sourcecode.swift; path = ApplicationCoordinator.swift; sourceTree = "<group>"; };
		E1FDAE151FC70021004E82DB /* Router.swift */ = {isa = PBXFileReference; lastKnownFileType = sourcecode.swift; path = Router.swift; sourceTree = "<group>"; };
		E1FDAE171FC7002E004E82DB /* RouterImp.swift */ = {isa = PBXFileReference; lastKnownFileType = sourcecode.swift; path = RouterImp.swift; sourceTree = "<group>"; };
		E1FDAE191FC704AB004E82DB /* Presentable.swift */ = {isa = PBXFileReference; lastKnownFileType = sourcecode.swift; path = Presentable.swift; sourceTree = "<group>"; };
		E1FDAE1C1FC706C5004E82DB /* Coordinator.swift */ = {isa = PBXFileReference; lastKnownFileType = sourcecode.swift; path = Coordinator.swift; sourceTree = "<group>"; };
		E1FDAE1E1FC706D9004E82DB /* BaseView.swift */ = {isa = PBXFileReference; lastKnownFileType = sourcecode.swift; path = BaseView.swift; sourceTree = "<group>"; };
		E1FDAE201FC7083A004E82DB /* CoordinatorFactory.swift */ = {isa = PBXFileReference; lastKnownFileType = sourcecode.swift; path = CoordinatorFactory.swift; sourceTree = "<group>"; };
		E1FDAE221FC713F7004E82DB /* HomeModuleFactory.swift */ = {isa = PBXFileReference; lastKnownFileType = sourcecode.swift; path = HomeModuleFactory.swift; sourceTree = "<group>"; };
		E1FDAE251FC71449004E82DB /* BrowseModuleFactory.swift */ = {isa = PBXFileReference; lastKnownFileType = sourcecode.swift; path = BrowseModuleFactory.swift; sourceTree = "<group>"; };
		E1FDAE271FC7192F004E82DB /* CoordinatorFactoryImp.swift */ = {isa = PBXFileReference; lastKnownFileType = sourcecode.swift; path = CoordinatorFactoryImp.swift; sourceTree = "<group>"; };
		E1FDAE291FC71E8E004E82DB /* ModulefactoryImp.swift */ = {isa = PBXFileReference; lastKnownFileType = sourcecode.swift; path = ModulefactoryImp.swift; sourceTree = "<group>"; };
		E1FDAE2F1FC72242004E82DB /* TabbarView.swift */ = {isa = PBXFileReference; lastKnownFileType = sourcecode.swift; path = TabbarView.swift; sourceTree = "<group>"; };
		E1FDAE311FC72260004E82DB /* TabbarCoordinator.swift */ = {isa = PBXFileReference; lastKnownFileType = sourcecode.swift; path = TabbarCoordinator.swift; sourceTree = "<group>"; };
		E1FDAE331FC7226E004E82DB /* TabbarController.swift */ = {isa = PBXFileReference; lastKnownFileType = sourcecode.swift; path = TabbarController.swift; sourceTree = "<group>"; };
		E1FDAE371FC7265C004E82DB /* BaseCoordinator.swift */ = {isa = PBXFileReference; lastKnownFileType = sourcecode.swift; path = BaseCoordinator.swift; sourceTree = "<group>"; };
		E1FDAE391FC72D24004E82DB /* HomeCoordinator.swift */ = {isa = PBXFileReference; lastKnownFileType = sourcecode.swift; path = HomeCoordinator.swift; sourceTree = "<group>"; };
		E1FDAE3B1FC72D35004E82DB /* HomeView.swift */ = {isa = PBXFileReference; lastKnownFileType = sourcecode.swift; path = HomeView.swift; sourceTree = "<group>"; };
		E1FDAE3F1FC72D66004E82DB /* BrowseCoordinator.swift */ = {isa = PBXFileReference; lastKnownFileType = sourcecode.swift; path = BrowseCoordinator.swift; sourceTree = "<group>"; };
		E1FDAE411FC72D70004E82DB /* BrowseView.swift */ = {isa = PBXFileReference; lastKnownFileType = sourcecode.swift; path = BrowseView.swift; sourceTree = "<group>"; };
		E1FDAE451FC73533004E82DB /* Default-568h@2x.png */ = {isa = PBXFileReference; lastKnownFileType = image.png; path = "Default-568h@2x.png"; sourceTree = "<group>"; };
/* End PBXFileReference section */

/* Begin PBXFrameworksBuildPhase section */
		E1AAFC231FC5D07B00BA9753 /* Frameworks */ = {
			isa = PBXFrameworksBuildPhase;
			buildActionMask = 2147483647;
			files = (
				FBCB27A5CEE0965BE61DBB93 /* Pods_Marvel.framework in Frameworks */,
			);
			runOnlyForDeploymentPostprocessing = 0;
		};
/* End PBXFrameworksBuildPhase section */

/* Begin PBXGroup section */
		448B25281828E93B7B2C3CD9 /* Frameworks */ = {
			isa = PBXGroup;
			children = (
				9AF2FB013B3658FA1A6E4B0A /* Pods_Marvel.framework */,
			);
			name = Frameworks;
			sourceTree = "<group>";
		};
		CA9F0A656410225EFA6DC947 /* Pods */ = {
			isa = PBXGroup;
			children = (
				4006C8DFF4A71064B40CE241 /* Pods-Marvel.debug.xcconfig */,
				B2AFD0EA28ADC4840DC6DE5F /* Pods-Marvel.release.xcconfig */,
			);
			name = Pods;
			sourceTree = "<group>";
		};
		E10CDB401FCEE1E000262870 /* StoryBoards */ = {
			isa = PBXGroup;
			children = (
				E10CDB411FCEE22000262870 /* StoryboardsEnum.swift */,
				E1AAFC2D1FC5D07B00BA9753 /* Main.storyboard */,
				E10CDB431FCEE3AE00262870 /* Home.storyboard */,
				E10CDB451FCEE3C400262870 /* Browse.storyboard */,
			);
			path = StoryBoards;
			sourceTree = "<group>";
		};
		E138649F1FD1A8E1007E5E8D /* ChangeImage */ = {
			isa = PBXGroup;
			children = (
				E15A3B7B1FF53CEA00AA672D /* ImageCell.swift */,
				E15A3B7D1FF53ED200AA672D /* ImageSection.swift */,
				E138649D1FD1A882007E5E8D /* ChangeImageView.swift */,
				E138649B1FD1A66E007E5E8D /* ChangeImageController.swift */,
				E195B05E1FDFE8FC00F114F6 /* ChangeImageViewModel.swift */,
			);
			path = ChangeImage;
			sourceTree = "<group>";
		};
		E13864A01FD1A905007E5E8D /* Home */ = {
			isa = PBXGroup;
			children = (
				E1FDAE3B1FC72D35004E82DB /* HomeView.swift */,
				E10CDB361FCED8B800262870 /* HomeController.swift */,
				E123404E1FED4DEC002A791A /* HomeViewModel.swift */,
			);
			path = Home;
			sourceTree = "<group>";
		};
		E1AAFC1D1FC5D07A00BA9753 = {
			isa = PBXGroup;
			children = (
				E1FDAE451FC73533004E82DB /* Default-568h@2x.png */,
				E1AAFC281FC5D07B00BA9753 /* Marvel */,
				E1AAFC271FC5D07B00BA9753 /* Products */,
				CA9F0A656410225EFA6DC947 /* Pods */,
				448B25281828E93B7B2C3CD9 /* Frameworks */,
			);
			sourceTree = "<group>";
		};
		E1AAFC271FC5D07B00BA9753 /* Products */ = {
			isa = PBXGroup;
			children = (
				E1AAFC261FC5D07B00BA9753 /* Marvel.app */,
			);
			name = Products;
			sourceTree = "<group>";
		};
		E1AAFC281FC5D07B00BA9753 /* Marvel */ = {
			isa = PBXGroup;
			children = (
				E1FDAE081FC6E0D5004E82DB /* Application */,
				E10CDB401FCEE1E000262870 /* StoryBoards */,
				E1FDAE101FC6E1C5004E82DB /* Flows */,
				E1FDAE1B1FC70592004E82DB /* Navigation */,
				E1FDAE0E1FC6E1A0004E82DB /* Extensions */,
				E1FDAE111FC6E1D5004E82DB /* Resources */,
				E1AAFC2B1FC5D07B00BA9753 /* ViewController.swift */,
				E1AAFC321FC5D07B00BA9753 /* LaunchScreen.storyboard */,
			);
			path = Marvel;
			sourceTree = "<group>";
		};
		E1FDAE081FC6E0D5004E82DB /* Application */ = {
			isa = PBXGroup;
			children = (
				E1AAFC291FC5D07B00BA9753 /* AppDelegate.swift */,
			);
			path = Application;
			sourceTree = "<group>";
		};
		E1FDAE0A1FC6E163004E82DB /* Protocols */ = {
			isa = PBXGroup;
			children = (
				E1FDAE191FC704AB004E82DB /* Presentable.swift */,
				E1FDAE1C1FC706C5004E82DB /* Coordinator.swift */,
				E1FDAE1E1FC706D9004E82DB /* BaseView.swift */,
			);
			path = Protocols;
			sourceTree = "<group>";
		};
		E1FDAE0D1FC6E16E004E82DB /* Router */ = {
			isa = PBXGroup;
			children = (
				E1FDAE151FC70021004E82DB /* Router.swift */,
				E1FDAE171FC7002E004E82DB /* RouterImp.swift */,
			);
			path = Router;
			sourceTree = "<group>";
		};
		E1FDAE0E1FC6E1A0004E82DB /* Extensions */ = {
			isa = PBXGroup;
			children = (
				E10CDB3E1FCEE10500262870 /* UIViewControllerExtension.swift */,
			);
			path = Extensions;
			sourceTree = "<group>";
		};
		E1FDAE0F1FC6E1AE004E82DB /* Factories */ = {
			isa = PBXGroup;
			children = (
				E1FDAE241FC7143C004E82DB /* FactoryImp */,
				E1FDAE201FC7083A004E82DB /* CoordinatorFactory.swift */,
				E1FDAE221FC713F7004E82DB /* HomeModuleFactory.swift */,
				E1FDAE251FC71449004E82DB /* BrowseModuleFactory.swift */,
			);
			path = Factories;
			sourceTree = "<group>";
		};
		E1FDAE101FC6E1C5004E82DB /* Flows */ = {
			isa = PBXGroup;
			children = (
				E1FDAE2E1FC7211D004E82DB /* MainTabBar Flow */,
				E1FDAE2D1FC7211B004E82DB /* Home Flow */,
				E1FDAE2B1FC72114004E82DB /* Browse Flow */,
			);
			path = Flows;
			sourceTree = "<group>";
		};
		E1FDAE111FC6E1D5004E82DB /* Resources */ = {
			isa = PBXGroup;
			children = (
				E1B3ACF61FD1BE0A005C3FDC /* Assets.xcassets */,
				E1AAFC351FC5D07B00BA9753 /* Info.plist */,
			);
			path = Resources;
			sourceTree = "<group>";
		};
		E1FDAE1B1FC70592004E82DB /* Navigation */ = {
			isa = PBXGroup;
			children = (
				E1FDAE361FC72644004E82DB /* Coordinators */,
				E1FDAE0A1FC6E163004E82DB /* Protocols */,
				E1FDAE0D1FC6E16E004E82DB /* Router */,
				E1FDAE0F1FC6E1AE004E82DB /* Factories */,
			);
			path = Navigation;
			sourceTree = "<group>";
		};
		E1FDAE241FC7143C004E82DB /* FactoryImp */ = {
			isa = PBXGroup;
			children = (
				E1FDAE271FC7192F004E82DB /* CoordinatorFactoryImp.swift */,
				E1FDAE291FC71E8E004E82DB /* ModulefactoryImp.swift */,
			);
			path = FactoryImp;
			sourceTree = "<group>";
		};
		E1FDAE2B1FC72114004E82DB /* Browse Flow */ = {
			isa = PBXGroup;
			children = (
				E1FDAE411FC72D70004E82DB /* BrowseView.swift */,
				E1FDAE3F1FC72D66004E82DB /* BrowseCoordinator.swift */,
				E10CDB381FCED90200262870 /* BrowseController.swift */,
			);
			path = "Browse Flow";
			sourceTree = "<group>";
		};
		E1FDAE2D1FC7211B004E82DB /* Home Flow */ = {
			isa = PBXGroup;
			children = (
				E1FDAE391FC72D24004E82DB /* HomeCoordinator.swift */,
				E13864A01FD1A905007E5E8D /* Home */,
				E138649F1FD1A8E1007E5E8D /* ChangeImage */,
			);
			path = "Home Flow";
			sourceTree = "<group>";
		};
		E1FDAE2E1FC7211D004E82DB /* MainTabBar Flow */ = {
			isa = PBXGroup;
			children = (
				E1FDAE2F1FC72242004E82DB /* TabbarView.swift */,
				E1FDAE311FC72260004E82DB /* TabbarCoordinator.swift */,
				E1FDAE331FC7226E004E82DB /* TabbarController.swift */,
			);
			path = "MainTabBar Flow";
			sourceTree = "<group>";
		};
		E1FDAE361FC72644004E82DB /* Coordinators */ = {
			isa = PBXGroup;
			children = (
				E1FDAE121FC6E35D004E82DB /* ApplicationCoordinator.swift */,
				E1FDAE371FC7265C004E82DB /* BaseCoordinator.swift */,
			);
			path = Coordinators;
			sourceTree = "<group>";
		};
/* End PBXGroup section */

/* Begin PBXNativeTarget section */
		E1AAFC251FC5D07B00BA9753 /* Marvel */ = {
			isa = PBXNativeTarget;
			buildConfigurationList = E1AAFC381FC5D07B00BA9753 /* Build configuration list for PBXNativeTarget "Marvel" */;
			buildPhases = (
				33F087F13DDAFFEDE8C885F5 /* [CP] Check Pods Manifest.lock */,
				E1AAFC221FC5D07B00BA9753 /* Sources */,
				E1AAFC231FC5D07B00BA9753 /* Frameworks */,
				E1AAFC241FC5D07B00BA9753 /* Resources */,
				BBDDFE642EE9E33B13A78474 /* [CP] Embed Pods Frameworks */,
				E5004CE54D91127C6A2FB109 /* [CP] Copy Pods Resources */,
			);
			buildRules = (
			);
			dependencies = (
			);
			name = Marvel;
			productName = Marvel;
			productReference = E1AAFC261FC5D07B00BA9753 /* Marvel.app */;
			productType = "com.apple.product-type.application";
		};
/* End PBXNativeTarget section */

/* Begin PBXProject section */
		E1AAFC1E1FC5D07A00BA9753 /* Project object */ = {
			isa = PBXProject;
			attributes = {
				LastSwiftUpdateCheck = 0910;
				LastUpgradeCheck = 0910;
				ORGANIZATIONNAME = "Alper Akinci";
				TargetAttributes = {
					E1AAFC251FC5D07B00BA9753 = {
						CreatedOnToolsVersion = 9.1;
						ProvisioningStyle = Automatic;
					};
				};
			};
			buildConfigurationList = E1AAFC211FC5D07B00BA9753 /* Build configuration list for PBXProject "Marvel" */;
			compatibilityVersion = "Xcode 8.0";
			developmentRegion = en;
			hasScannedForEncodings = 0;
			knownRegions = (
				en,
				Base,
			);
			mainGroup = E1AAFC1D1FC5D07A00BA9753;
			productRefGroup = E1AAFC271FC5D07B00BA9753 /* Products */;
			projectDirPath = "";
			projectRoot = "";
			targets = (
				E1AAFC251FC5D07B00BA9753 /* Marvel */,
			);
		};
/* End PBXProject section */

/* Begin PBXResourcesBuildPhase section */
		E1AAFC241FC5D07B00BA9753 /* Resources */ = {
			isa = PBXResourcesBuildPhase;
			buildActionMask = 2147483647;
			files = (
				E10CDB461FCEE3C400262870 /* Browse.storyboard in Resources */,
				E1AAFC341FC5D07B00BA9753 /* LaunchScreen.storyboard in Resources */,
				E10CDB441FCEE3AE00262870 /* Home.storyboard in Resources */,
				E1FDAE461FC73534004E82DB /* Default-568h@2x.png in Resources */,
				E1B3ACF71FD1BE0A005C3FDC /* Assets.xcassets in Resources */,
				E1AAFC2F1FC5D07B00BA9753 /* Main.storyboard in Resources */,
			);
			runOnlyForDeploymentPostprocessing = 0;
		};
/* End PBXResourcesBuildPhase section */

/* Begin PBXShellScriptBuildPhase section */
		33F087F13DDAFFEDE8C885F5 /* [CP] Check Pods Manifest.lock */ = {
			isa = PBXShellScriptBuildPhase;
			buildActionMask = 2147483647;
			files = (
			);
			inputPaths = (
				"${PODS_PODFILE_DIR_PATH}/Podfile.lock",
				"${PODS_ROOT}/Manifest.lock",
			);
			name = "[CP] Check Pods Manifest.lock";
			outputPaths = (
				"$(DERIVED_FILE_DIR)/Pods-Marvel-checkManifestLockResult.txt",
			);
			runOnlyForDeploymentPostprocessing = 0;
			shellPath = /bin/sh;
			shellScript = "diff \"${PODS_PODFILE_DIR_PATH}/Podfile.lock\" \"${PODS_ROOT}/Manifest.lock\" > /dev/null\nif [ $? != 0 ] ; then\n    # print error to STDERR\n    echo \"error: The sandbox is not in sync with the Podfile.lock. Run 'pod install' or update your CocoaPods installation.\" >&2\n    exit 1\nfi\n# This output is used by Xcode 'outputs' to avoid re-running this script phase.\necho \"SUCCESS\" > \"${SCRIPT_OUTPUT_FILE_0}\"\n";
			showEnvVarsInLog = 0;
		};
		BBDDFE642EE9E33B13A78474 /* [CP] Embed Pods Frameworks */ = {
			isa = PBXShellScriptBuildPhase;
			buildActionMask = 2147483647;
			files = (
			);
			inputPaths = (
				"${SRCROOT}/Pods/Target Support Files/Pods-Marvel/Pods-Marvel-frameworks.sh",
				"${BUILT_PRODUCTS_DIR}/Differentiator/Differentiator.framework",
				"${BUILT_PRODUCTS_DIR}/RxCocoa/RxCocoa.framework",
				"${BUILT_PRODUCTS_DIR}/RxDataSources/RxDataSources.framework",
				"${BUILT_PRODUCTS_DIR}/RxSwift/RxSwift.framework",
			);
			name = "[CP] Embed Pods Frameworks";
			outputPaths = (
				"${TARGET_BUILD_DIR}/${FRAMEWORKS_FOLDER_PATH}/Differentiator.framework",
				"${TARGET_BUILD_DIR}/${FRAMEWORKS_FOLDER_PATH}/RxCocoa.framework",
				"${TARGET_BUILD_DIR}/${FRAMEWORKS_FOLDER_PATH}/RxDataSources.framework",
				"${TARGET_BUILD_DIR}/${FRAMEWORKS_FOLDER_PATH}/RxSwift.framework",
			);
			runOnlyForDeploymentPostprocessing = 0;
			shellPath = /bin/sh;
			shellScript = "\"${SRCROOT}/Pods/Target Support Files/Pods-Marvel/Pods-Marvel-frameworks.sh\"\n";
			showEnvVarsInLog = 0;
		};
		E5004CE54D91127C6A2FB109 /* [CP] Copy Pods Resources */ = {
			isa = PBXShellScriptBuildPhase;
			buildActionMask = 2147483647;
			files = (
			);
			inputPaths = (
			);
			name = "[CP] Copy Pods Resources";
			outputPaths = (
			);
			runOnlyForDeploymentPostprocessing = 0;
			shellPath = /bin/sh;
			shellScript = "\"${SRCROOT}/Pods/Target Support Files/Pods-Marvel/Pods-Marvel-resources.sh\"\n";
			showEnvVarsInLog = 0;
		};
/* End PBXShellScriptBuildPhase section */

/* Begin PBXSourcesBuildPhase section */
		E1AAFC221FC5D07B00BA9753 /* Sources */ = {
			isa = PBXSourcesBuildPhase;
			buildActionMask = 2147483647;
			files = (
				E1FDAE161FC70021004E82DB /* Router.swift in Sources */,
				E1FDAE341FC7226E004E82DB /* TabbarController.swift in Sources */,
				E1FDAE231FC713F7004E82DB /* HomeModuleFactory.swift in Sources */,
				E1FDAE301FC72242004E82DB /* TabbarView.swift in Sources */,
				E1AAFC2C1FC5D07B00BA9753 /* ViewController.swift in Sources */,
				E10CDB371FCED8B800262870 /* HomeController.swift in Sources */,
				E1AAFC2A1FC5D07B00BA9753 /* AppDelegate.swift in Sources */,
				E1FDAE381FC7265C004E82DB /* BaseCoordinator.swift in Sources */,
				E1FDAE281FC7192F004E82DB /* CoordinatorFactoryImp.swift in Sources */,
				E10CDB421FCEE22000262870 /* StoryboardsEnum.swift in Sources */,
				E195B05F1FDFE8FC00F114F6 /* ChangeImageViewModel.swift in Sources */,
				E1FDAE181FC7002E004E82DB /* RouterImp.swift in Sources */,
				E1FDAE131FC6E35D004E82DB /* ApplicationCoordinator.swift in Sources */,
				E15A3B7E1FF53ED200AA672D /* ImageSection.swift in Sources */,
				E1FDAE261FC71449004E82DB /* BrowseModuleFactory.swift in Sources */,
				E1FDAE3A1FC72D24004E82DB /* HomeCoordinator.swift in Sources */,
				E123404F1FED4DEC002A791A /* HomeViewModel.swift in Sources */,
				E1FDAE1A1FC704AC004E82DB /* Presentable.swift in Sources */,
				E1FDAE211FC7083A004E82DB /* CoordinatorFactory.swift in Sources */,
				E1FDAE2A1FC71E8E004E82DB /* ModulefactoryImp.swift in Sources */,
				E10CDB391FCED90200262870 /* BrowseController.swift in Sources */,
				E138649E1FD1A882007E5E8D /* ChangeImageView.swift in Sources */,
				E1FDAE1D1FC706C5004E82DB /* Coordinator.swift in Sources */,
				E138649C1FD1A66E007E5E8D /* ChangeImageController.swift in Sources */,
				E1FDAE321FC72260004E82DB /* TabbarCoordinator.swift in Sources */,
				E1FDAE421FC72D70004E82DB /* BrowseView.swift in Sources */,
				E15A3B7C1FF53CEA00AA672D /* ImageCell.swift in Sources */,
				E10CDB3F1FCEE10500262870 /* UIViewControllerExtension.swift in Sources */,
				E1FDAE401FC72D66004E82DB /* BrowseCoordinator.swift in Sources */,
				E1FDAE1F1FC706D9004E82DB /* BaseView.swift in Sources */,
				E1FDAE3C1FC72D35004E82DB /* HomeView.swift in Sources */,
			);
			runOnlyForDeploymentPostprocessing = 0;
		};
/* End PBXSourcesBuildPhase section */

/* Begin PBXVariantGroup section */
		E1AAFC2D1FC5D07B00BA9753 /* Main.storyboard */ = {
			isa = PBXVariantGroup;
			children = (
				E1AAFC2E1FC5D07B00BA9753 /* Base */,
			);
			name = Main.storyboard;
			sourceTree = "<group>";
		};
		E1AAFC321FC5D07B00BA9753 /* LaunchScreen.storyboard */ = {
			isa = PBXVariantGroup;
			children = (
				E1AAFC331FC5D07B00BA9753 /* Base */,
			);
			name = LaunchScreen.storyboard;
			sourceTree = "<group>";
		};
/* End PBXVariantGroup section */

/* Begin XCBuildConfiguration section */
		E1AAFC361FC5D07B00BA9753 /* Debug */ = {
			isa = XCBuildConfiguration;
			buildSettings = {
				ALWAYS_SEARCH_USER_PATHS = NO;
				CLANG_ANALYZER_NONNULL = YES;
				CLANG_ANALYZER_NUMBER_OBJECT_CONVERSION = YES_AGGRESSIVE;
				CLANG_CXX_LANGUAGE_STANDARD = "gnu++14";
				CLANG_CXX_LIBRARY = "libc++";
				CLANG_ENABLE_MODULES = YES;
				CLANG_ENABLE_OBJC_ARC = YES;
				CLANG_WARN_BLOCK_CAPTURE_AUTORELEASING = YES;
				CLANG_WARN_BOOL_CONVERSION = YES;
				CLANG_WARN_COMMA = YES;
				CLANG_WARN_CONSTANT_CONVERSION = YES;
				CLANG_WARN_DIRECT_OBJC_ISA_USAGE = YES_ERROR;
				CLANG_WARN_DOCUMENTATION_COMMENTS = YES;
				CLANG_WARN_EMPTY_BODY = YES;
				CLANG_WARN_ENUM_CONVERSION = YES;
				CLANG_WARN_INFINITE_RECURSION = YES;
				CLANG_WARN_INT_CONVERSION = YES;
				CLANG_WARN_NON_LITERAL_NULL_CONVERSION = YES;
				CLANG_WARN_OBJC_LITERAL_CONVERSION = YES;
				CLANG_WARN_OBJC_ROOT_CLASS = YES_ERROR;
				CLANG_WARN_RANGE_LOOP_ANALYSIS = YES;
				CLANG_WARN_STRICT_PROTOTYPES = YES;
				CLANG_WARN_SUSPICIOUS_MOVE = YES;
				CLANG_WARN_UNGUARDED_AVAILABILITY = YES_AGGRESSIVE;
				CLANG_WARN_UNREACHABLE_CODE = YES;
				CLANG_WARN__DUPLICATE_METHOD_MATCH = YES;
				CODE_SIGN_IDENTITY = "iPhone Developer";
				COPY_PHASE_STRIP = NO;
				DEBUG_INFORMATION_FORMAT = dwarf;
				ENABLE_STRICT_OBJC_MSGSEND = YES;
				ENABLE_TESTABILITY = YES;
				GCC_C_LANGUAGE_STANDARD = gnu11;
				GCC_DYNAMIC_NO_PIC = NO;
				GCC_NO_COMMON_BLOCKS = YES;
				GCC_OPTIMIZATION_LEVEL = 0;
				GCC_PREPROCESSOR_DEFINITIONS = (
					"DEBUG=1",
					"$(inherited)",
				);
				GCC_WARN_64_TO_32_BIT_CONVERSION = YES;
				GCC_WARN_ABOUT_RETURN_TYPE = YES_ERROR;
				GCC_WARN_UNDECLARED_SELECTOR = YES;
				GCC_WARN_UNINITIALIZED_AUTOS = YES_AGGRESSIVE;
				GCC_WARN_UNUSED_FUNCTION = YES;
				GCC_WARN_UNUSED_VARIABLE = YES;
				IPHONEOS_DEPLOYMENT_TARGET = 11.1;
				MTL_ENABLE_DEBUG_INFO = YES;
				ONLY_ACTIVE_ARCH = YES;
				SDKROOT = iphoneos;
				SWIFT_ACTIVE_COMPILATION_CONDITIONS = DEBUG;
				SWIFT_OPTIMIZATION_LEVEL = "-Onone";
			};
			name = Debug;
		};
		E1AAFC371FC5D07B00BA9753 /* Release */ = {
			isa = XCBuildConfiguration;
			buildSettings = {
				ALWAYS_SEARCH_USER_PATHS = NO;
				CLANG_ANALYZER_NONNULL = YES;
				CLANG_ANALYZER_NUMBER_OBJECT_CONVERSION = YES_AGGRESSIVE;
				CLANG_CXX_LANGUAGE_STANDARD = "gnu++14";
				CLANG_CXX_LIBRARY = "libc++";
				CLANG_ENABLE_MODULES = YES;
				CLANG_ENABLE_OBJC_ARC = YES;
				CLANG_WARN_BLOCK_CAPTURE_AUTORELEASING = YES;
				CLANG_WARN_BOOL_CONVERSION = YES;
				CLANG_WARN_COMMA = YES;
				CLANG_WARN_CONSTANT_CONVERSION = YES;
				CLANG_WARN_DIRECT_OBJC_ISA_USAGE = YES_ERROR;
				CLANG_WARN_DOCUMENTATION_COMMENTS = YES;
				CLANG_WARN_EMPTY_BODY = YES;
				CLANG_WARN_ENUM_CONVERSION = YES;
				CLANG_WARN_INFINITE_RECURSION = YES;
				CLANG_WARN_INT_CONVERSION = YES;
				CLANG_WARN_NON_LITERAL_NULL_CONVERSION = YES;
				CLANG_WARN_OBJC_LITERAL_CONVERSION = YES;
				CLANG_WARN_OBJC_ROOT_CLASS = YES_ERROR;
				CLANG_WARN_RANGE_LOOP_ANALYSIS = YES;
				CLANG_WARN_STRICT_PROTOTYPES = YES;
				CLANG_WARN_SUSPICIOUS_MOVE = YES;
				CLANG_WARN_UNGUARDED_AVAILABILITY = YES_AGGRESSIVE;
				CLANG_WARN_UNREACHABLE_CODE = YES;
				CLANG_WARN__DUPLICATE_METHOD_MATCH = YES;
				CODE_SIGN_IDENTITY = "iPhone Developer";
				COPY_PHASE_STRIP = NO;
				DEBUG_INFORMATION_FORMAT = "dwarf-with-dsym";
				ENABLE_NS_ASSERTIONS = NO;
				ENABLE_STRICT_OBJC_MSGSEND = YES;
				GCC_C_LANGUAGE_STANDARD = gnu11;
				GCC_NO_COMMON_BLOCKS = YES;
				GCC_WARN_64_TO_32_BIT_CONVERSION = YES;
				GCC_WARN_ABOUT_RETURN_TYPE = YES_ERROR;
				GCC_WARN_UNDECLARED_SELECTOR = YES;
				GCC_WARN_UNINITIALIZED_AUTOS = YES_AGGRESSIVE;
				GCC_WARN_UNUSED_FUNCTION = YES;
				GCC_WARN_UNUSED_VARIABLE = YES;
				IPHONEOS_DEPLOYMENT_TARGET = 11.1;
				MTL_ENABLE_DEBUG_INFO = NO;
				SDKROOT = iphoneos;
				SWIFT_OPTIMIZATION_LEVEL = "-Owholemodule";
				VALIDATE_PRODUCT = YES;
			};
			name = Release;
		};
		E1AAFC391FC5D07B00BA9753 /* Debug */ = {
			isa = XCBuildConfiguration;
			baseConfigurationReference = 4006C8DFF4A71064B40CE241 /* Pods-Marvel.debug.xcconfig */;
			buildSettings = {
				ASSETCATALOG_COMPILER_APPICON_NAME = AppIcon;
				CODE_SIGN_STYLE = Automatic;
				DEVELOPMENT_TEAM = 4B72B6ARQW;
				INFOPLIST_FILE = "$(SRCROOT)/Marvel/Resources/Info.plist";
				LD_RUNPATH_SEARCH_PATHS = "$(inherited) @executable_path/Frameworks";
				PRODUCT_BUNDLE_IDENTIFIER = alper.Marvel;
				PRODUCT_NAME = "$(TARGET_NAME)";
				SWIFT_VERSION = 4.0;
				TARGETED_DEVICE_FAMILY = "1,2";
			};
			name = Debug;
		};
		E1AAFC3A1FC5D07B00BA9753 /* Release */ = {
			isa = XCBuildConfiguration;
			baseConfigurationReference = B2AFD0EA28ADC4840DC6DE5F /* Pods-Marvel.release.xcconfig */;
			buildSettings = {
				ASSETCATALOG_COMPILER_APPICON_NAME = AppIcon;
				CODE_SIGN_STYLE = Automatic;
				DEVELOPMENT_TEAM = 4B72B6ARQW;
				INFOPLIST_FILE = "$(SRCROOT)/Marvel/Resources/Info.plist";
				LD_RUNPATH_SEARCH_PATHS = "$(inherited) @executable_path/Frameworks";
				PRODUCT_BUNDLE_IDENTIFIER = alper.Marvel;
				PRODUCT_NAME = "$(TARGET_NAME)";
				SWIFT_VERSION = 4.0;
				TARGETED_DEVICE_FAMILY = "1,2";
			};
			name = Release;
		};
/* End XCBuildConfiguration section */

/* Begin XCConfigurationList section */
		E1AAFC211FC5D07B00BA9753 /* Build configuration list for PBXProject "Marvel" */ = {
			isa = XCConfigurationList;
			buildConfigurations = (
				E1AAFC361FC5D07B00BA9753 /* Debug */,
				E1AAFC371FC5D07B00BA9753 /* Release */,
			);
			defaultConfigurationIsVisible = 0;
			defaultConfigurationName = Release;
		};
		E1AAFC381FC5D07B00BA9753 /* Build configuration list for PBXNativeTarget "Marvel" */ = {
			isa = XCConfigurationList;
			buildConfigurations = (
				E1AAFC391FC5D07B00BA9753 /* Debug */,
				E1AAFC3A1FC5D07B00BA9753 /* Release */,
			);
			defaultConfigurationIsVisible = 0;
			defaultConfigurationName = Release;
		};
/* End XCConfigurationList section */
	};
	rootObject = E1AAFC1E1FC5D07A00BA9753 /* Project object */;
}
